
Microsoft Visual Studio Solution File, Format Version 12.00
# Visual Studio Version 16
VisualStudioVersion = 16.0.31205.134
MinimumVisualStudioVersion = 10.0.40219.1
Project("{FAE04EC0-301F-11D3-BF4B-00C04F79EFBC}") = "CSharp.Capitulo01.Sintaxe", "CSharp.Capitulo01.Sintaxe\CSharp.Capitulo01.Sintaxe.csproj", "{37A28FB7-E424-491F-9490-173E9A446398}"
EndProject
Project("{9A19103F-16F7-4668-BE54-9A1E7A4F7556}") = "CSharp.Capitulo01.ValeTransporte", "CSharp.Capitulo01.ValeTransporte\CSharp.Capitulo01.ValeTransporte.csproj", "{DD15D295-709E-4676-9C9F-E88A4EBEECCF}"
EndProject
Project("{9A19103F-16F7-4668-BE54-9A1E7A4F7556}") = "CSharp.Capitulo02.GeradorSenha", "CSharp.Capitulo02.GeradorSenha\CSharp.Capitulo02.GeradorSenha.csproj", "{66C28524-2627-4E4E-96FF-71168DE7B80A}"
EndProject
Project("{9A19103F-16F7-4668-BE54-9A1E7A4F7556}") = "CSharp.Capitulo02.EstruturasControle.Testes", "CSharp.Capitulo02.EstruturasControle.Testes\CSharp.Capitulo02.EstruturasControle.Testes.csproj", "{2323E6F2-74E2-467B-849D-5FF0EE42053C}"
EndProject
Project("{9A19103F-16F7-4668-BE54-9A1E7A4F7556}") = "Fintech.Modelos", "Fintech.Modelos\Fintech.Modelos.csproj", "{5C51080A-AA8A-4144-A6CF-CC551ADCAD0D}"
EndProject
Project("{9A19103F-16F7-4668-BE54-9A1E7A4F7556}") = "Fintech.Correntista.Wpf", "Fintech.Correntista.Wpf\Fintech.Correntista.Wpf.csproj", "{79EF13D8-A498-4794-9F97-CBC1C4101C3A}"
EndProject
Project("{FAE04EC0-301F-11D3-BF4B-00C04F79EFBC}") = "CSharp.Capitulo02.GeradorSenhaTests", "CSharp.Capitulo02.GeradorSenhaTests\CSharp.Capitulo02.GeradorSenhaTests.csproj", "{6386083E-362C-45E3-A419-27E18FDBB1BA}"
EndProject
Global
	GlobalSection(SolutionConfigurationPlatforms) = preSolution
		Debug|Any CPU = Debug|Any CPU
		Release|Any CPU = Release|Any CPU
	EndGlobalSection
	GlobalSection(ProjectConfigurationPlatforms) = postSolution
		{37A28FB7-E424-491F-9490-173E9A446398}.Debug|Any CPU.ActiveCfg = Debug|Any CPU
		{37A28FB7-E424-491F-9490-173E9A446398}.Debug|Any CPU.Build.0 = Debug|Any CPU
		{37A28FB7-E424-491F-9490-173E9A446398}.Release|Any CPU.ActiveCfg = Release|Any CPU
		{37A28FB7-E424-491F-9490-173E9A446398}.Release|Any CPU.Build.0 = Release|Any CPU
		{DD15D295-709E-4676-9C9F-E88A4EBEECCF}.Debug|Any CPU.ActiveCfg = Debug|Any CPU
		{DD15D295-709E-4676-9C9F-E88A4EBEECCF}.Debug|Any CPU.Build.0 = Debug|Any CPU
		{DD15D295-709E-4676-9C9F-E88A4EBEECCF}.Release|Any CPU.ActiveCfg = Release|Any CPU
		{DD15D295-709E-4676-9C9F-E88A4EBEECCF}.Release|Any CPU.Build.0 = Release|Any CPU
		{66C28524-2627-4E4E-96FF-71168DE7B80A}.Debug|Any CPU.ActiveCfg = Debug|Any CPU
		{66C28524-2627-4E4E-96FF-71168DE7B80A}.Debug|Any CPU.Build.0 = Debug|Any CPU
		{66C28524-2627-4E4E-96FF-71168DE7B80A}.Release|Any CPU.ActiveCfg = Release|Any CPU
		{66C28524-2627-4E4E-96FF-71168DE7B80A}.Release|Any CPU.Build.0 = Release|Any CPU
		{2323E6F2-74E2-467B-849D-5FF0EE42053C}.Debug|Any CPU.ActiveCfg = Debug|Any CPU
		{2323E6F2-74E2-467B-849D-5FF0EE42053C}.Debug|Any CPU.Build.0 = Debug|Any CPU
		{2323E6F2-74E2-467B-849D-5FF0EE42053C}.Release|Any CPU.ActiveCfg = Release|Any CPU
		{2323E6F2-74E2-467B-849D-5FF0EE42053C}.Release|Any CPU.Build.0 = Release|Any CPU
		{5C51080A-AA8A-4144-A6CF-CC551ADCAD0D}.Debug|Any CPU.ActiveCfg = Debug|Any CPU
		{5C51080A-AA8A-4144-A6CF-CC551ADCAD0D}.Debug|Any CPU.Build.0 = Debug|Any CPU
		{5C51080A-AA8A-4144-A6CF-CC551ADCAD0D}.Release|Any CPU.ActiveCfg = Release|Any CPU
		{5C51080A-AA8A-4144-A6CF-CC551ADCAD0D}.Release|Any CPU.Build.0 = Release|Any CPU
		{79EF13D8-A498-4794-9F97-CBC1C4101C3A}.Debug|Any CPU.ActiveCfg = Debug|Any CPU
		{79EF13D8-A498-4794-9F97-CBC1C4101C3A}.Debug|Any CPU.Build.0 = Debug|Any CPU
		{79EF13D8-A498-4794-9F97-CBC1C4101C3A}.Release|Any CPU.ActiveCfg = Release|Any CPU
		{79EF13D8-A498-4794-9F97-CBC1C4101C3A}.Release|Any CPU.Build.0 = Release|Any CPU
		{6386083E-362C-45E3-A419-27E18FDBB1BA}.Debug|Any CPU.ActiveCfg = Debug|Any CPU
		{6386083E-362C-45E3-A419-27E18FDBB1BA}.Debug|Any CPU.Build.0 = Debug|Any CPU
		{6386083E-362C-45E3-A419-27E18FDBB1BA}.Release|Any CPU.ActiveCfg = Release|Any CPU
		{6386083E-362C-45E3-A419-27E18FDBB1BA}.Release|Any CPU.Build.0 = Release|Any CPU
	EndGlobalSection
	GlobalSection(SolutionProperties) = preSolution
		HideSolutionNode = FALSE
	EndGlobalSection
	GlobalSection(ExtensibilityGlobals) = postSolution
		SolutionGuid = {EDA2631B-DF89-4A02-A97B-3CE811896780}
	EndGlobalSection
EndGlobal
